
Microsoft Visual Studio Solution File, Format Version 12.00
# Visual Studio Version 16
VisualStudioVersion = 16.0.31911.196
MinimumVisualStudioVersion = 10.0.40219.1
Project("{FAE04EC0-301F-11D3-BF4B-00C04F79EFBC}") = "WorkforceManagementAPI.WEB", "WorkforceManagementAPI.WEB\WorkforceManagementAPI.WEB.csproj", "{051C6A9C-09EC-4DFC-981F-B0B56FE28312}"
EndProject
Project("{FAE04EC0-301F-11D3-BF4B-00C04F79EFBC}") = "WorkforceManagementAPI.BLL", "WorkforceManagementAPI.BLL\WorkforceManagementAPI.BLL.csproj", "{A871EE52-C5F6-4819-985F-9FC72F26DFCC}"
EndProject
Project("{FAE04EC0-301F-11D3-BF4B-00C04F79EFBC}") = "WorkforceManagementAPI.DAL", "WorkforceManagementAPI.DAL\WorkforceManagementAPI.DAL.csproj", "{086CBE4B-E00B-457D-A750-586F8B1D3ED8}"
EndProject
Project("{FAE04EC0-301F-11D3-BF4B-00C04F79EFBC}") = "WorkforceManagementAPI.DTO", "WorkforceManagementAPI.DTO\WorkforceManagementAPI.DTO.csproj", "{ED6F99CD-4748-46A6-B549-A1F2932B3EB7}"
EndProject
Global
	GlobalSection(SolutionConfigurationPlatforms) = preSolution
		Debug|Any CPU = Debug|Any CPU
		Release|Any CPU = Release|Any CPU
	EndGlobalSection
	GlobalSection(ProjectConfigurationPlatforms) = postSolution
		{051C6A9C-09EC-4DFC-981F-B0B56FE28312}.Debug|Any CPU.ActiveCfg = Debug|Any CPU
		{051C6A9C-09EC-4DFC-981F-B0B56FE28312}.Debug|Any CPU.Build.0 = Debug|Any CPU
		{051C6A9C-09EC-4DFC-981F-B0B56FE28312}.Release|Any CPU.ActiveCfg = Release|Any CPU
		{051C6A9C-09EC-4DFC-981F-B0B56FE28312}.Release|Any CPU.Build.0 = Release|Any CPU
		{A871EE52-C5F6-4819-985F-9FC72F26DFCC}.Debug|Any CPU.ActiveCfg = Debug|Any CPU
		{A871EE52-C5F6-4819-985F-9FC72F26DFCC}.Debug|Any CPU.Build.0 = Debug|Any CPU
		{A871EE52-C5F6-4819-985F-9FC72F26DFCC}.Release|Any CPU.ActiveCfg = Release|Any CPU
		{A871EE52-C5F6-4819-985F-9FC72F26DFCC}.Release|Any CPU.Build.0 = Release|Any CPU
		{086CBE4B-E00B-457D-A750-586F8B1D3ED8}.Debug|Any CPU.ActiveCfg = Debug|Any CPU
		{086CBE4B-E00B-457D-A750-586F8B1D3ED8}.Debug|Any CPU.Build.0 = Debug|Any CPU
		{086CBE4B-E00B-457D-A750-586F8B1D3ED8}.Release|Any CPU.ActiveCfg = Release|Any CPU
		{086CBE4B-E00B-457D-A750-586F8B1D3ED8}.Release|Any CPU.Build.0 = Release|Any CPU
		{ED6F99CD-4748-46A6-B549-A1F2932B3EB7}.Debug|Any CPU.ActiveCfg = Debug|Any CPU
		{ED6F99CD-4748-46A6-B549-A1F2932B3EB7}.Debug|Any CPU.Build.0 = Debug|Any CPU
		{ED6F99CD-4748-46A6-B549-A1F2932B3EB7}.Release|Any CPU.ActiveCfg = Release|Any CPU
		{ED6F99CD-4748-46A6-B549-A1F2932B3EB7}.Release|Any CPU.Build.0 = Release|Any CPU
	EndGlobalSection
	GlobalSection(SolutionProperties) = preSolution
		HideSolutionNode = FALSE
	EndGlobalSection
	GlobalSection(ExtensibilityGlobals) = postSolution
		SolutionGuid = {7998272F-2060-4743-AABC-161E42C23EDD}
	EndGlobalSection
EndGlobal
